// !$*UTF8*$!
{
	archiveVersion = 1;
	classes = {
	};
	objectVersion = 46;
	objects = {

/* Begin PBXBuildFile section */
		9FFF194D1A81F4F800BD960E /* AppDelegate.swift in Sources */ = {isa = PBXBuildFile; fileRef = 9FFF194C1A81F4F800BD960E /* AppDelegate.swift */; };
		9FFF194F1A81F4F800BD960E /* ViewController.swift in Sources */ = {isa = PBXBuildFile; fileRef = 9FFF194E1A81F4F800BD960E /* ViewController.swift */; };
		9FFF19521A81F4F800BD960E /* Main.storyboard in Resources */ = {isa = PBXBuildFile; fileRef = 9FFF19501A81F4F800BD960E /* Main.storyboard */; };
		9FFF19541A81F4F800BD960E /* Images.xcassets in Resources */ = {isa = PBXBuildFile; fileRef = 9FFF19531A81F4F800BD960E /* Images.xcassets */; };
		9FFF19571A81F4F800BD960E /* LaunchScreen.xib in Resources */ = {isa = PBXBuildFile; fileRef = 9FFF19551A81F4F800BD960E /* LaunchScreen.xib */; };
		9FFF19631A81F4F800BD960E /* CalculatorTests.swift in Sources */ = {isa = PBXBuildFile; fileRef = 9FFF19621A81F4F800BD960E /* CalculatorTests.swift */; };
/* End PBXBuildFile section */

/* Begin PBXContainerItemProxy section */
		9FFF195D1A81F4F800BD960E /* PBXContainerItemProxy */ = {
			isa = PBXContainerItemProxy;
			containerPortal = 9FFF193F1A81F4F800BD960E /* Project object */;
			proxyType = 1;
			remoteGlobalIDString = 9FFF19461A81F4F800BD960E;
			remoteInfo = Calculator;
		};
/* End PBXContainerItemProxy section */

/* Begin PBXFileReference section */
		9FFF19471A81F4F800BD960E /* Calculator.app */ = {isa = PBXFileReference; explicitFileType = wrapper.application; includeInIndex = 0; path = Calculator.app; sourceTree = BUILT_PRODUCTS_DIR; };
		9FFF194B1A81F4F800BD960E /* Info.plist */ = {isa = PBXFileReference; lastKnownFileType = text.plist.xml; path = Info.plist; sourceTree = "<group>"; };
		9FFF194C1A81F4F800BD960E /* AppDelegate.swift */ = {isa = PBXFileReference; lastKnownFileType = sourcecode.swift; path = AppDelegate.swift; sourceTree = "<group>"; };
		9FFF194E1A81F4F800BD960E /* ViewController.swift */ = {isa = PBXFileReference; lastKnownFileType = sourcecode.swift; path = ViewController.swift; sourceTree = "<group>"; };
		9FFF19511A81F4F800BD960E /* Base */ = {isa = PBXFileReference; lastKnownFileType = file.storyboard; name = Base; path = Base.lproj/Main.storyboard; sourceTree = "<group>"; };
		9FFF19531A81F4F800BD960E /* Images.xcassets */ = {isa = PBXFileReference; lastKnownFileType = folder.assetcatalog; path = Images.xcassets; sourceTree = "<group>"; };
		9FFF19561A81F4F800BD960E /* Base */ = {isa = PBXFileReference; lastKnownFileType = file.xib; name = Base; path = Base.lproj/LaunchScreen.xib; sourceTree = "<group>"; };
		9FFF195C1A81F4F800BD960E /* CalculatorTests.xctest */ = {isa = PBXFileReference; explicitFileType = wrapper.cfbundle; includeInIndex = 0; path = CalculatorTests.xctest; sourceTree = BUILT_PRODUCTS_DIR; };
		9FFF19611A81F4F800BD960E /* Info.plist */ = {isa = PBXFileReference; lastKnownFileType = text.plist.xml; path = Info.plist; sourceTree = "<group>"; };
		9FFF19621A81F4F800BD960E /* CalculatorTests.swift */ = {isa = PBXFileReference; lastKnownFileType = sourcecode.swift; path = CalculatorTests.swift; sourceTree = "<group>"; };
/* End PBXFileReference section */

/* Begin PBXFrameworksBuildPhase section */
		9FFF19441A81F4F800BD960E /* Frameworks */ = {
			isa = PBXFrameworksBuildPhase;
			buildActionMask = 2147483647;
			files = (
			);
			runOnlyForDeploymentPostprocessing = 0;
		};
		9FFF19591A81F4F800BD960E /* Frameworks */ = {
			isa = PBXFrameworksBuildPhase;
			buildActionMask = 2147483647;
			files = (
			);
			runOnlyForDeploymentPostprocessing = 0;
		};
/* End PBXFrameworksBuildPhase section */

/* Begin PBXGroup section */
		9FFF193E1A81F4F800BD960E = {
			isa = PBXGroup;
			children = (
				9FFF19491A81F4F800BD960E /* Calculator */,
				9FFF195F1A81F4F800BD960E /* CalculatorTests */,
				9FFF19481A81F4F800BD960E /* Products */,
			);
			sourceTree = "<group>";
		};
		9FFF19481A81F4F800BD960E /* Products */ = {
			isa = PBXGroup;
			children = (
				9FFF19471A81F4F800BD960E /* Calculator.app */,
				9FFF195C1A81F4F800BD960E /* CalculatorTests.xctest */,
			);
			name = Products;
			sourceTree = "<group>";
		};
		9FFF19491A81F4F800BD960E /* Calculator */ = {
			isa = PBXGroup;
			children = (
				9FFF194C1A81F4F800BD960E /* AppDelegate.swift */,
				9FFF194E1A81F4F800BD960E /* ViewController.swift */,
				9FFF19501A81F4F800BD960E /* Main.storyboard */,
				9FFF19531A81F4F800BD960E /* Images.xcassets */,
				9FFF19551A81F4F800BD960E /* LaunchScreen.xib */,
				9FFF194A1A81F4F800BD960E /* Supporting Files */,
			);
			path = Calculator;
			sourceTree = "<group>";
		};
		9FFF194A1A81F4F800BD960E /* Supporting Files */ = {
			isa = PBXGroup;
			children = (
				9FFF194B1A81F4F800BD960E /* Info.plist */,
			);
			name = "Supporting Files";
			sourceTree = "<group>";
		};
		9FFF195F1A81F4F800BD960E /* CalculatorTests */ = {
			isa = PBXGroup;
			children = (
				9FFF19621A81F4F800BD960E /* CalculatorTests.swift */,
				9FFF19601A81F4F800BD960E /* Supporting Files */,
			);
			path = CalculatorTests;
			sourceTree = "<group>";
		};
		9FFF19601A81F4F800BD960E /* Supporting Files */ = {
			isa = PBXGroup;
			children = (
				9FFF19611A81F4F800BD960E /* Info.plist */,
			);
			name = "Supporting Files";
			sourceTree = "<group>";
		};
/* End PBXGroup section */

/* Begin PBXNativeTarget section */
		9FFF19461A81F4F800BD960E /* Calculator */ = {
			isa = PBXNativeTarget;
			buildConfigurationList = 9FFF19661A81F4F800BD960E /* Build configuration list for PBXNativeTarget "Calculator" */;
			buildPhases = (
				9FFF19431A81F4F800BD960E /* Sources */,
				9FFF19441A81F4F800BD960E /* Frameworks */,
				9FFF19451A81F4F800BD960E /* Resources */,
			);
			buildRules = (
			);
			dependencies = (
			);
			name = Calculator;
			productName = Calculator;
			productReference = 9FFF19471A81F4F800BD960E /* Calculator.app */;
			productType = "com.apple.product-type.application";
		};
		9FFF195B1A81F4F800BD960E /* CalculatorTests */ = {
			isa = PBXNativeTarget;
			buildConfigurationList = 9FFF19691A81F4F800BD960E /* Build configuration list for PBXNativeTarget "CalculatorTests" */;
			buildPhases = (
				9FFF19581A81F4F800BD960E /* Sources */,
				9FFF19591A81F4F800BD960E /* Frameworks */,
				9FFF195A1A81F4F800BD960E /* Resources */,
			);
			buildRules = (
			);
			dependencies = (
				9FFF195E1A81F4F800BD960E /* PBXTargetDependency */,
			);
			name = CalculatorTests;
			productName = CalculatorTests;
			productReference = 9FFF195C1A81F4F800BD960E /* CalculatorTests.xctest */;
			productType = "com.apple.product-type.bundle.unit-test";
		};
/* End PBXNativeTarget section */

/* Begin PBXProject section */
		9FFF193F1A81F4F800BD960E /* Project object */ = {
			isa = PBXProject;
			attributes = {
				LastUpgradeCheck = 0610;
				ORGANIZATIONNAME = ccsf;
				TargetAttributes = {
					9FFF19461A81F4F800BD960E = {
						CreatedOnToolsVersion = 6.1.1;
					};
					9FFF195B1A81F4F800BD960E = {
						CreatedOnToolsVersion = 6.1.1;
						TestTargetID = 9FFF19461A81F4F800BD960E;
					};
				};
			};
			buildConfigurationList = 9FFF19421A81F4F800BD960E /* Build configuration list for PBXProject "Calculator" */;
			compatibilityVersion = "Xcode 3.2";
			developmentRegion = English;
			hasScannedForEncodings = 0;
			knownRegions = (
				en,
				Base,
			);
			mainGroup = 9FFF193E1A81F4F800BD960E;
			productRefGroup = 9FFF19481A81F4F800BD960E /* Products */;
			projectDirPath = "";
			projectRoot = "";
			targets = (
				9FFF19461A81F4F800BD960E /* Calculator */,
				9FFF195B1A81F4F800BD960E /* CalculatorTests */,
			);
		};
/* End PBXProject section */

/* Begin PBXResourcesBuildPhase section */
		9FFF19451A81F4F800BD960E /* Resources */ = {
			isa = PBXResourcesBuildPhase;
			buildActionMask = 2147483647;
			files = (
				9FFF19521A81F4F800BD960E /* Main.storyboard in Resources */,
				9FFF19571A81F4F800BD960E /* LaunchScreen.xib in Resources */,
				9FFF19541A81F4F800BD960E /* Images.xcassets in Resources */,
			);
			runOnlyForDeploymentPostprocessing = 0;
		};
		9FFF195A1A81F4F800BD960E /* Resources */ = {
			isa = PBXResourcesBuildPhase;
			buildActionMask = 2147483647;
			files = (
			);
			runOnlyForDeploymentPostprocessing = 0;
		};
/* End PBXResourcesBuildPhase section */

/* Begin PBXSourcesBuildPhase section */
		9FFF19431A81F4F800BD960E /* Sources */ = {
			isa = PBXSourcesBuildPhase;
			buildActionMask = 2147483647;
			files = (
				9FFF194F1A81F4F800BD960E /* ViewController.swift in Sources */,
				9FFF194D1A81F4F800BD960E /* AppDelegate.swift in Sources */,
			);
			runOnlyForDeploymentPostprocessing = 0;
		};
		9FFF19581A81F4F800BD960E /* Sources */ = {
			isa = PBXSourcesBuildPhase;
			buildActionMask = 2147483647;
			files = (
				9FFF19631A81F4F800BD960E /* CalculatorTests.swift in Sources */,
			);
			runOnlyForDeploymentPostprocessing = 0;
		};
/* End PBXSourcesBuildPhase section */

/* Begin PBXTargetDependency section */
		9FFF195E1A81F4F800BD960E /* PBXTargetDependency */ = {
			isa = PBXTargetDependency;
			target = 9FFF19461A81F4F800BD960E /* Calculator */;
			targetProxy = 9FFF195D1A81F4F800BD960E /* PBXContainerItemProxy */;
		};
/* End PBXTargetDependency section */

/* Begin PBXVariantGroup section */
		9FFF19501A81F4F800BD960E /* Main.storyboard */ = {
			isa = PBXVariantGroup;
			children = (
				9FFF19511A81F4F800BD960E /* Base */,
			);
			name = Main.storyboard;
			sourceTree = "<group>";
		};
		9FFF19551A81F4F800BD960E /* LaunchScreen.xib */ = {
			isa = PBXVariantGroup;
			children = (
				9FFF19561A81F4F800BD960E /* Base */,
			);
			name = LaunchScreen.xib;
			sourceTree = "<group>";
		};
/* End PBXVariantGroup section */

/* Begin XCBuildConfiguration section */
		9FFF19641A81F4F800BD960E /* Debug */ = {
			isa = XCBuildConfiguration;
			buildSettings = {
				ALWAYS_SEARCH_USER_PATHS = NO;
				CLANG_CXX_LANGUAGE_STANDARD = "gnu++0x";
				CLANG_CXX_LIBRARY = "libc++";
				CLANG_ENABLE_MODULES = YES;
				CLANG_ENABLE_OBJC_ARC = YES;
				CLANG_WARN_BOOL_CONVERSION = YES;
				CLANG_WARN_CONSTANT_CONVERSION = YES;
				CLANG_WARN_DIRECT_OBJC_ISA_USAGE = YES_ERROR;
				CLANG_WARN_EMPTY_BODY = YES;
				CLANG_WARN_ENUM_CONVERSION = YES;
				CLANG_WARN_INT_CONVERSION = YES;
				CLANG_WARN_OBJC_ROOT_CLASS = YES_ERROR;
				CLANG_WARN_UNREACHABLE_CODE = YES;
				CLANG_WARN__DUPLICATE_METHOD_MATCH = YES;
				"CODE_SIGN_IDENTITY[sdk=iphoneos*]" = "iPhone Developer";
				COPY_PHASE_STRIP = NO;
				ENABLE_STRICT_OBJC_MSGSEND = YES;
				GCC_C_LANGUAGE_STANDARD = gnu99;
				GCC_DYNAMIC_NO_PIC = NO;
				GCC_OPTIMIZATION_LEVEL = 0;
				GCC_PREPROCESSOR_DEFINITIONS = (
					"DEBUG=1",
					"$(inherited)",
				);
				GCC_SYMBOLS_PRIVATE_EXTERN = NO;
				GCC_WARN_64_TO_32_BIT_CONVERSION = YES;
				GCC_WARN_ABOUT_RETURN_TYPE = YES_ERROR;
				GCC_WARN_UNDECLARED_SELECTOR = YES;
				GCC_WARN_UNINITIALIZED_AUTOS = YES_AGGRESSIVE;
				GCC_WARN_UNUSED_FUNCTION = YES;
				GCC_WARN_UNUSED_VARIABLE = YES;
				IPHONEOS_DEPLOYMENT_TARGET = 8.1;
				MTL_ENABLE_DEBUG_INFO = YES;
				ONLY_ACTIVE_ARCH = YES;
				SDKROOT = iphoneos;
				SWIFT_OPTIMIZATION_LEVEL = "-Onone";
			};
			name = Debug;
		};
		9FFF19651A81F4F800BD960E /* Release */ = {
			isa = XCBuildConfiguration;
			buildSettings = {
				ALWAYS_SEARCH_USER_PATHS = NO;
				CLANG_CXX_LANGUAGE_STANDARD = "gnu++0x";
				CLANG_CXX_LIBRARY = "libc++";
				CLANG_ENABLE_MODULES = YES;
				CLANG_ENABLE_OBJC_ARC = YES;
				CLANG_WARN_BOOL_CONVERSION = YES;
				CLANG_WARN_CONSTANT_CONVERSION = YES;
				CLANG_WARN_DIRECT_OBJC_ISA_USAGE = YES_ERROR;
				CLANG_WARN_EMPTY_BODY = YES;
				CLANG_WARN_ENUM_CONVERSION = YES;
				CLANG_WARN_INT_CONVERSION = YES;
				CLANG_WARN_OBJC_ROOT_CLASS = YES_ERROR;
				CLANG_WARN_UNREACHABLE_CODE = YES;
				CLANG_WARN__DUPLICATE_METHOD_MATCH = YES;
				"CODE_SIGN_IDENTITY[sdk=iphoneos*]" = "iPhone Developer";
				COPY_PHASE_STRIP = YES;
				ENABLE_NS_ASSERTIONS = NO;
				ENABLE_STRICT_OBJC_MSGSEND = YES;
				GCC_C_LANGUAGE_STANDARD = gnu99;
				GCC_WARN_64_TO_32_BIT_CONVERSION = YES;
				GCC_WARN_ABOUT_RETURN_TYPE = YES_ERROR;
				GCC_WARN_UNDECLARED_SELECTOR = YES;
				GCC_WARN_UNINITIALIZED_AUTOS = YES_AGGRESSIVE;
				GCC_WARN_UNUSED_FUNCTION = YES;
				GCC_WARN_UNUSED_VARIABLE = YES;
				IPHONEOS_DEPLOYMENT_TARGET = 8.1;
				MTL_ENABLE_DEBUG_INFO = NO;
				SDKROOT = iphoneos;
				VALIDATE_PRODUCT = YES;
			};
			name = Release;
		};
		9FFF19671A81F4F800BD960E /* Debug */ = {
			isa = XCBuildConfiguration;
			buildSettings = {
				ASSETCATALOG_COMPILER_APPICON_NAME = AppIcon;
				INFOPLIST_FILE = Calculator/Info.plist;
				LD_RUNPATH_SEARCH_PATHS = "$(inherited) @executable_path/Frameworks";
				PRODUCT_NAME = "$(TARGET_NAME)";
			};
			name = Debug;
		};
		9FFF19681A81F4F800BD960E /* Release */ = {
			isa = XCBuildConfiguration;
			buildSettings = {
				ASSETCATALOG_COMPILER_APPICON_NAME = AppIcon;
				INFOPLIST_FILE = Calculator/Info.plist;
				LD_RUNPATH_SEARCH_PATHS = "$(inherited) @executable_path/Frameworks";
				PRODUCT_NAME = "$(TARGET_NAME)";
			};
			name = Release;
		};
		9FFF196A1A81F4F800BD960E /* Debug */ = {
			isa = XCBuildConfiguration;
			buildSettings = {
				BUNDLE_LOADER = "$(TEST_HOST)";
				FRAMEWORK_SEARCH_PATHS = (
					"$(SDKROOT)/Developer/Library/Frameworks",
					"$(inherited)",
				);
				GCC_PREPROCESSOR_DEFINITIONS = (
					"DEBUG=1",
					"$(inherited)",
				);
				INFOPLIST_FILE = CalculatorTests/Info.plist;
				LD_RUNPATH_SEARCH_PATHS = "$(inherited) @executable_path/Frameworks @loader_path/Frameworks";
				PRODUCT_NAME = "$(TARGET_NAME)";
				TEST_HOST = "$(BUILT_PRODUCTS_DIR)/Calculator.app/Calculator";
			};
			name = Debug;
		};
		9FFF196B1A81F4F800BD960E /* Release */ = {
			isa = XCBuildConfiguration;
			buildSettings = {
				BUNDLE_LOADER = "$(TEST_HOST)";
				FRAMEWORK_SEARCH_PATHS = (
					"$(SDKROOT)/Developer/Library/Frameworks",
					"$(inherited)",
				);
				INFOPLIST_FILE = CalculatorTests/Info.plist;
				LD_RUNPATH_SEARCH_PATHS = "$(inherited) @executable_path/Frameworks @loader_path/Frameworks";
				PRODUCT_NAME = "$(TARGET_NAME)";
				TEST_HOST = "$(BUILT_PRODUCTS_DIR)/Calculator.app/Calculator";
			};
			name = Release;
		};
/* End XCBuildConfiguration section */

/* Begin XCConfigurationList section */
		9FFF19421A81F4F800BD960E /* Build configuration list for PBXProject "Calculator" */ = {
			isa = XCConfigurationList;
			buildConfigurations = (
				9FFF19641A81F4F800BD960E /* Debug */,
				9FFF19651A81F4F800BD960E /* Release */,
			);
			defaultConfigurationIsVisible = 0;
			defaultConfigurationName = Release;
		};
		9FFF19661A81F4F800BD960E /* Build configuration list for PBXNativeTarget "Calculator" */ = {
			isa = XCConfigurationList;
			buildConfigurations = (
				9FFF19671A81F4F800BD960E /* Debug */,
				9FFF19681A81F4F800BD960E /* Release */,
			);
			defaultConfigurationIsVisible = 0;
		};
		9FFF19691A81F4F800BD960E /* Build configuration list for PBXNativeTarget "CalculatorTests" */ = {
			isa = XCConfigurationList;
			buildConfigurations = (
				9FFF196A1A81F4F800BD960E /* Debug */,
				9FFF196B1A81F4F800BD960E /* Release */,
			);
			defaultConfigurationIsVisible = 0;
		};
/* End XCConfigurationList section */
	};
	rootObject = 9FFF193F1A81F4F800BD960E /* Project object */;
}
